
Microsoft Visual Studio Solution File, Format Version 12.00
# Visual Studio Version 17
VisualStudioVersion = 17.10.35122.118
MinimumVisualStudioVersion = 10.0.40219.1
Project("{FAE04EC0-301F-11D3-BF4B-00C04F79EFBC}") = "照片整理专家", "照片整理专家\照片整理专家.csproj", "{84757845-D479-4337-BC76-21F62BF9B437}"
EndProject
Project("{FAE04EC0-301F-11D3-BF4B-00C04F79EFBC}") = "照片整理专家Tests", "照片整理专家Tests\照片整理专家Tests.csproj", "{65E2B6A9-5B22-4927-A0EB-798B55C68493}"
EndProject
Project("{54435603-DBB4-11D2-8724-00A0C9A8B90C}") = "照片整理专家安装程序", "照片整理专家安装程序\照片整理专家安装程序.vdproj", "{81567976-963F-49F0-89DF-5FFE4F63FF65}"
EndProject
Global
	GlobalSection(SolutionConfigurationPlatforms) = preSolution
		Debug|Any CPU = Debug|Any CPU
		Release|Any CPU = Release|Any CPU
	EndGlobalSection
	GlobalSection(ProjectConfigurationPlatforms) = postSolution
		{84757845-D479-4337-BC76-21F62BF9B437}.Debug|Any CPU.ActiveCfg = Debug|Any CPU
		{84757845-D479-4337-BC76-21F62BF9B437}.Debug|Any CPU.Build.0 = Debug|Any CPU
		{84757845-D479-4337-BC76-21F62BF9B437}.Release|Any CPU.ActiveCfg = Release|Any CPU
		{84757845-D479-4337-BC76-21F62BF9B437}.Release|Any CPU.Build.0 = Release|Any CPU
		{65E2B6A9-5B22-4927-A0EB-798B55C68493}.Debug|Any CPU.ActiveCfg = Debug|Any CPU
		{65E2B6A9-5B22-4927-A0EB-798B55C68493}.Debug|Any CPU.Build.0 = Debug|Any CPU
		{65E2B6A9-5B22-4927-A0EB-798B55C68493}.Release|Any CPU.ActiveCfg = Release|Any CPU
		{81567976-963F-49F0-89DF-5FFE4F63FF65}.Debug|Any CPU.ActiveCfg = Debug
		{81567976-963F-49F0-89DF-5FFE4F63FF65}.Release|Any CPU.ActiveCfg = Release
	EndGlobalSection
	GlobalSection(SolutionProperties) = preSolution
		HideSolutionNode = FALSE
	EndGlobalSection
	GlobalSection(ExtensibilityGlobals) = postSolution
		SolutionGuid = {6FC58393-EF2D-43B8-B324-5C65384E979B}
	EndGlobalSection
EndGlobal
