
Microsoft Visual Studio Solution File, Format Version 12.00
# Visual Studio Version 17
VisualStudioVersion = 17.10.35122.118
MinimumVisualStudioVersion = 10.0.40219.1
Project("{FAE04EC0-301F-11D3-BF4B-00C04F79EFBC}") = "照片整理专家", "照片整理专家\照片整理专家.csproj", "{84757845-D479-4337-BC76-21F62BF9B437}"
EndProject
Project("{FAE04EC0-301F-11D3-BF4B-00C04F79EFBC}") = "照片整理专家Tests", "照片整理专家Tests\照片整理专家Tests.csproj", "{65E2B6A9-5B22-4927-A0EB-798B55C68493}"
EndProject
Project("{54435603-DBB4-11D2-8724-00A0C9A8B90C}") = "照片整理专家安装程序", "照片整理专家安装程序\照片整理专家安装程序.vdproj", "{81567976-963F-49F0-89DF-5FFE4F63FF65}"
EndProject
Project("{C7167F0D-BC9F-4E6E-AFE1-012C56B48DB5}") = "MSIX打包", "MSIX打包\MSIX打包.wapproj", "{805A7389-E996-4282-A8C1-797AD5BE769C}"
EndProject
Global
	GlobalSection(SolutionConfigurationPlatforms) = preSolution
		Debug|Any CPU = Debug|Any CPU
		Debug|ARM = Debug|ARM
		Debug|ARM64 = Debug|ARM64
		Debug|x64 = Debug|x64
		Debug|x86 = Debug|x86
		Release|Any CPU = Release|Any CPU
		Release|ARM = Release|ARM
		Release|ARM64 = Release|ARM64
		Release|x64 = Release|x64
		Release|x86 = Release|x86
	EndGlobalSection
	GlobalSection(ProjectConfigurationPlatforms) = postSolution
		{84757845-D479-4337-BC76-21F62BF9B437}.Debug|Any CPU.ActiveCfg = Debug|Any CPU
		{84757845-D479-4337-BC76-21F62BF9B437}.Debug|Any CPU.Build.0 = Debug|Any CPU
		{84757845-D479-4337-BC76-21F62BF9B437}.Debug|ARM.ActiveCfg = Debug|Any CPU
		{84757845-D479-4337-BC76-21F62BF9B437}.Debug|ARM.Build.0 = Debug|Any CPU
		{84757845-D479-4337-BC76-21F62BF9B437}.Debug|ARM64.ActiveCfg = Debug|Any CPU
		{84757845-D479-4337-BC76-21F62BF9B437}.Debug|ARM64.Build.0 = Debug|Any CPU
		{84757845-D479-4337-BC76-21F62BF9B437}.Debug|x64.ActiveCfg = Debug|Any CPU
		{84757845-D479-4337-BC76-21F62BF9B437}.Debug|x64.Build.0 = Debug|Any CPU
		{84757845-D479-4337-BC76-21F62BF9B437}.Debug|x86.ActiveCfg = Debug|Any CPU
		{84757845-D479-4337-BC76-21F62BF9B437}.Debug|x86.Build.0 = Debug|Any CPU
		{84757845-D479-4337-BC76-21F62BF9B437}.Release|Any CPU.ActiveCfg = Release|Any CPU
		{84757845-D479-4337-BC76-21F62BF9B437}.Release|Any CPU.Build.0 = Release|Any CPU
		{84757845-D479-4337-BC76-21F62BF9B437}.Release|ARM.ActiveCfg = Release|Any CPU
		{84757845-D479-4337-BC76-21F62BF9B437}.Release|ARM.Build.0 = Release|Any CPU
		{84757845-D479-4337-BC76-21F62BF9B437}.Release|ARM64.ActiveCfg = Release|Any CPU
		{84757845-D479-4337-BC76-21F62BF9B437}.Release|ARM64.Build.0 = Release|Any CPU
		{84757845-D479-4337-BC76-21F62BF9B437}.Release|x64.ActiveCfg = Release|Any CPU
		{84757845-D479-4337-BC76-21F62BF9B437}.Release|x64.Build.0 = Release|Any CPU
		{84757845-D479-4337-BC76-21F62BF9B437}.Release|x86.ActiveCfg = Release|Any CPU
		{84757845-D479-4337-BC76-21F62BF9B437}.Release|x86.Build.0 = Release|Any CPU
		{65E2B6A9-5B22-4927-A0EB-798B55C68493}.Debug|Any CPU.ActiveCfg = Debug|Any CPU
		{65E2B6A9-5B22-4927-A0EB-798B55C68493}.Debug|ARM.ActiveCfg = Debug|Any CPU
		{65E2B6A9-5B22-4927-A0EB-798B55C68493}.Debug|ARM.Build.0 = Debug|Any CPU
		{65E2B6A9-5B22-4927-A0EB-798B55C68493}.Debug|ARM64.ActiveCfg = Debug|Any CPU
		{65E2B6A9-5B22-4927-A0EB-798B55C68493}.Debug|ARM64.Build.0 = Debug|Any CPU
		{65E2B6A9-5B22-4927-A0EB-798B55C68493}.Debug|x64.ActiveCfg = Debug|Any CPU
		{65E2B6A9-5B22-4927-A0EB-798B55C68493}.Debug|x64.Build.0 = Debug|Any CPU
		{65E2B6A9-5B22-4927-A0EB-798B55C68493}.Debug|x86.ActiveCfg = Debug|Any CPU
		{65E2B6A9-5B22-4927-A0EB-798B55C68493}.Debug|x86.Build.0 = Debug|Any CPU
		{65E2B6A9-5B22-4927-A0EB-798B55C68493}.Release|Any CPU.ActiveCfg = Release|Any CPU
		{65E2B6A9-5B22-4927-A0EB-798B55C68493}.Release|ARM.ActiveCfg = Release|Any CPU
		{65E2B6A9-5B22-4927-A0EB-798B55C68493}.Release|ARM.Build.0 = Release|Any CPU
		{65E2B6A9-5B22-4927-A0EB-798B55C68493}.Release|ARM64.ActiveCfg = Release|Any CPU
		{65E2B6A9-5B22-4927-A0EB-798B55C68493}.Release|ARM64.Build.0 = Release|Any CPU
		{65E2B6A9-5B22-4927-A0EB-798B55C68493}.Release|x64.ActiveCfg = Release|Any CPU
		{65E2B6A9-5B22-4927-A0EB-798B55C68493}.Release|x64.Build.0 = Release|Any CPU
		{65E2B6A9-5B22-4927-A0EB-798B55C68493}.Release|x86.ActiveCfg = Release|Any CPU
		{65E2B6A9-5B22-4927-A0EB-798B55C68493}.Release|x86.Build.0 = Release|Any CPU
		{81567976-963F-49F0-89DF-5FFE4F63FF65}.Debug|Any CPU.ActiveCfg = Debug
		{81567976-963F-49F0-89DF-5FFE4F63FF65}.Debug|ARM.ActiveCfg = Debug
		{81567976-963F-49F0-89DF-5FFE4F63FF65}.Debug|ARM.Build.0 = Debug
		{81567976-963F-49F0-89DF-5FFE4F63FF65}.Debug|ARM64.ActiveCfg = Debug
		{81567976-963F-49F0-89DF-5FFE4F63FF65}.Debug|ARM64.Build.0 = Debug
		{81567976-963F-49F0-89DF-5FFE4F63FF65}.Debug|x64.ActiveCfg = Debug
		{81567976-963F-49F0-89DF-5FFE4F63FF65}.Debug|x64.Build.0 = Debug
		{81567976-963F-49F0-89DF-5FFE4F63FF65}.Debug|x86.ActiveCfg = Debug
		{81567976-963F-49F0-89DF-5FFE4F63FF65}.Debug|x86.Build.0 = Debug
		{81567976-963F-49F0-89DF-5FFE4F63FF65}.Release|Any CPU.ActiveCfg = Release
		{81567976-963F-49F0-89DF-5FFE4F63FF65}.Release|ARM.ActiveCfg = Release
		{81567976-963F-49F0-89DF-5FFE4F63FF65}.Release|ARM.Build.0 = Release
		{81567976-963F-49F0-89DF-5FFE4F63FF65}.Release|ARM64.ActiveCfg = Release
		{81567976-963F-49F0-89DF-5FFE4F63FF65}.Release|ARM64.Build.0 = Release
		{81567976-963F-49F0-89DF-5FFE4F63FF65}.Release|x64.ActiveCfg = Release
		{81567976-963F-49F0-89DF-5FFE4F63FF65}.Release|x64.Build.0 = Release
		{81567976-963F-49F0-89DF-5FFE4F63FF65}.Release|x86.ActiveCfg = Release
		{81567976-963F-49F0-89DF-5FFE4F63FF65}.Release|x86.Build.0 = Release
		{805A7389-E996-4282-A8C1-797AD5BE769C}.Debug|Any CPU.ActiveCfg = Debug|Any CPU
		{805A7389-E996-4282-A8C1-797AD5BE769C}.Debug|Any CPU.Build.0 = Debug|Any CPU
		{805A7389-E996-4282-A8C1-797AD5BE769C}.Debug|Any CPU.Deploy.0 = Debug|Any CPU
		{805A7389-E996-4282-A8C1-797AD5BE769C}.Debug|ARM.ActiveCfg = Debug|ARM
		{805A7389-E996-4282-A8C1-797AD5BE769C}.Debug|ARM.Build.0 = Debug|ARM
		{805A7389-E996-4282-A8C1-797AD5BE769C}.Debug|ARM.Deploy.0 = Debug|ARM
		{805A7389-E996-4282-A8C1-797AD5BE769C}.Debug|ARM64.ActiveCfg = Debug|ARM64
		{805A7389-E996-4282-A8C1-797AD5BE769C}.Debug|ARM64.Build.0 = Debug|ARM64
		{805A7389-E996-4282-A8C1-797AD5BE769C}.Debug|ARM64.Deploy.0 = Debug|ARM64
		{805A7389-E996-4282-A8C1-797AD5BE769C}.Debug|x64.ActiveCfg = Debug|x64
		{805A7389-E996-4282-A8C1-797AD5BE769C}.Debug|x64.Build.0 = Debug|x64
		{805A7389-E996-4282-A8C1-797AD5BE769C}.Debug|x64.Deploy.0 = Debug|x64
		{805A7389-E996-4282-A8C1-797AD5BE769C}.Debug|x86.ActiveCfg = Debug|x86
		{805A7389-E996-4282-A8C1-797AD5BE769C}.Debug|x86.Build.0 = Debug|x86
		{805A7389-E996-4282-A8C1-797AD5BE769C}.Debug|x86.Deploy.0 = Debug|x86
		{805A7389-E996-4282-A8C1-797AD5BE769C}.Release|Any CPU.ActiveCfg = Release|Any CPU
		{805A7389-E996-4282-A8C1-797AD5BE769C}.Release|Any CPU.Build.0 = Release|Any CPU
		{805A7389-E996-4282-A8C1-797AD5BE769C}.Release|Any CPU.Deploy.0 = Release|Any CPU
		{805A7389-E996-4282-A8C1-797AD5BE769C}.Release|ARM.ActiveCfg = Release|ARM
		{805A7389-E996-4282-A8C1-797AD5BE769C}.Release|ARM.Build.0 = Release|ARM
		{805A7389-E996-4282-A8C1-797AD5BE769C}.Release|ARM.Deploy.0 = Release|ARM
		{805A7389-E996-4282-A8C1-797AD5BE769C}.Release|ARM64.ActiveCfg = Release|ARM64
		{805A7389-E996-4282-A8C1-797AD5BE769C}.Release|ARM64.Build.0 = Release|ARM64
		{805A7389-E996-4282-A8C1-797AD5BE769C}.Release|ARM64.Deploy.0 = Release|ARM64
		{805A7389-E996-4282-A8C1-797AD5BE769C}.Release|x64.ActiveCfg = Release|x64
		{805A7389-E996-4282-A8C1-797AD5BE769C}.Release|x64.Build.0 = Release|x64
		{805A7389-E996-4282-A8C1-797AD5BE769C}.Release|x64.Deploy.0 = Release|x64
		{805A7389-E996-4282-A8C1-797AD5BE769C}.Release|x86.ActiveCfg = Release|x86
		{805A7389-E996-4282-A8C1-797AD5BE769C}.Release|x86.Build.0 = Release|x86
		{805A7389-E996-4282-A8C1-797AD5BE769C}.Release|x86.Deploy.0 = Release|x86
	EndGlobalSection
	GlobalSection(SolutionProperties) = preSolution
		HideSolutionNode = FALSE
	EndGlobalSection
	GlobalSection(ExtensibilityGlobals) = postSolution
		SolutionGuid = {6FC58393-EF2D-43B8-B324-5C65384E979B}
	EndGlobalSection
EndGlobal
