
Microsoft Visual Studio Solution File, Format Version 12.00
# Visual Studio 14
VisualStudioVersion = 14.0.25420.1
MinimumVisualStudioVersion = 10.0.40219.1
Project("{FAE04EC0-301F-11D3-BF4B-00C04F79EFBC}") = "照片整理专家", "照片整理专家\照片整理专家.csproj", "{84757845-D479-4337-BC76-21F62BF9B437}"
EndProject
Project("{FAE04EC0-301F-11D3-BF4B-00C04F79EFBC}") = "照片整理专家Tests", "照片整理专家Tests\照片整理专家Tests.csproj", "{65E2B6A9-5B22-4927-A0EB-798B55C68493}"
EndProject
Global
	GlobalSection(SolutionConfigurationPlatforms) = preSolution
		Debug|Any CPU = Debug|Any CPU
		Release|Any CPU = Release|Any CPU
	EndGlobalSection
	GlobalSection(ProjectConfigurationPlatforms) = postSolution
		{84757845-D479-4337-BC76-21F62BF9B437}.Debug|Any CPU.ActiveCfg = Debug|Any CPU
		{84757845-D479-4337-BC76-21F62BF9B437}.Debug|Any CPU.Build.0 = Debug|Any CPU
		{84757845-D479-4337-BC76-21F62BF9B437}.Release|Any CPU.ActiveCfg = Release|Any CPU
		{84757845-D479-4337-BC76-21F62BF9B437}.Release|Any CPU.Build.0 = Release|Any CPU
		{65E2B6A9-5B22-4927-A0EB-798B55C68493}.Debug|Any CPU.ActiveCfg = Debug|Any CPU
		{65E2B6A9-5B22-4927-A0EB-798B55C68493}.Debug|Any CPU.Build.0 = Debug|Any CPU
		{65E2B6A9-5B22-4927-A0EB-798B55C68493}.Release|Any CPU.ActiveCfg = Release|Any CPU
		{65E2B6A9-5B22-4927-A0EB-798B55C68493}.Release|Any CPU.Build.0 = Release|Any CPU
	EndGlobalSection
	GlobalSection(SolutionProperties) = preSolution
		HideSolutionNode = FALSE
	EndGlobalSection
EndGlobal
